
Microsoft Visual Studio Solution File, Format Version 12.00
# Visual Studio Version 16
VisualStudioVersion = 16.0.31424.327
MinimumVisualStudioVersion = 10.0.40219.1
Project("{FAE04EC0-301F-11D3-BF4B-00C04F79EFBC}") = "ConsoleApp1", "ConsoleApp1\ConsoleApp1.csproj", "{B0F9377B-8952-4914-B239-FF4EEF7FC51E}"
EndProject
Global
	GlobalSection(SolutionConfigurationPlatforms) = preSolution
		Debug|Any CPU = Debug|Any CPU
		Release|Any CPU = Release|Any CPU
	EndGlobalSection
	GlobalSection(ProjectConfigurationPlatforms) = postSolution
		{B0F9377B-8952-4914-B239-FF4EEF7FC51E}.Debug|Any CPU.ActiveCfg = Debug|Any CPU
		{B0F9377B-8952-4914-B239-FF4EEF7FC51E}.Debug|Any CPU.Build.0 = Debug|Any CPU
		{B0F9377B-8952-4914-B239-FF4EEF7FC51E}.Release|Any CPU.ActiveCfg = Release|Any CPU
		{B0F9377B-8952-4914-B239-FF4EEF7FC51E}.Release|Any CPU.Build.0 = Release|Any CPU
	EndGlobalSection
	GlobalSection(SolutionProperties) = preSolution
		HideSolutionNode = FALSE
	EndGlobalSection
	GlobalSection(ExtensibilityGlobals) = postSolution
		SolutionGuid = {EB62B036-4D96-49D5-82F1-34D1CD7C2B7D}
	EndGlobalSection
EndGlobal
